// !$*UTF8*$!
{
	archiveVersion = 1;
	classes = {
	};
	objectVersion = 50;
	objects = {

/* Begin PBXBuildFile section */
		B2340E3C247368A000758E10 /* Task.swift in Sources */ = {isa = PBXBuildFile; fileRef = B2340E3B247368A000758E10 /* Task.swift */; };
		B2340E3E24736A0E00758E10 /* TaskStore.swift in Sources */ = {isa = PBXBuildFile; fileRef = B2340E3D24736A0E00758E10 /* TaskStore.swift */; };
		B2340E40247371B600758E10 /* TaskCell.swift in Sources */ = {isa = PBXBuildFile; fileRef = B2340E3F247371B600758E10 /* TaskCell.swift */; };
		B28DB82B2474D998009BEF52 /* TaskDetailViewController.swift in Sources */ = {isa = PBXBuildFile; fileRef = B28DB82A2474D998009BEF52 /* TaskDetailViewController.swift */; };
		B2E893272472EACE009D0E0A /* AppDelegate.swift in Sources */ = {isa = PBXBuildFile; fileRef = B2E893262472EACE009D0E0A /* AppDelegate.swift */; };
		B2E893292472EACE009D0E0A /* SceneDelegate.swift in Sources */ = {isa = PBXBuildFile; fileRef = B2E893282472EACE009D0E0A /* SceneDelegate.swift */; };
		B2E8932B2472EACE009D0E0A /* TodoListViewController.swift in Sources */ = {isa = PBXBuildFile; fileRef = B2E8932A2472EACE009D0E0A /* TodoListViewController.swift */; };
		B2E8932E2472EACE009D0E0A /* Main.storyboard in Resources */ = {isa = PBXBuildFile; fileRef = B2E8932C2472EACE009D0E0A /* Main.storyboard */; };
		B2E893302472EAD1009D0E0A /* Assets.xcassets in Resources */ = {isa = PBXBuildFile; fileRef = B2E8932F2472EAD1009D0E0A /* Assets.xcassets */; };
		B2E893332472EAD1009D0E0A /* LaunchScreen.storyboard in Resources */ = {isa = PBXBuildFile; fileRef = B2E893312472EAD1009D0E0A /* LaunchScreen.storyboard */; };
		B2E8933E2472EAD2009D0E0A /* TodoListTests.swift in Sources */ = {isa = PBXBuildFile; fileRef = B2E8933D2472EAD2009D0E0A /* TodoListTests.swift */; };
		B2E893492472EAD2009D0E0A /* TodoListUITests.swift in Sources */ = {isa = PBXBuildFile; fileRef = B2E893482472EAD2009D0E0A /* TodoListUITests.swift */; };
/* End PBXBuildFile section */

/* Begin PBXContainerItemProxy section */
		B2E8933A2472EAD2009D0E0A /* PBXContainerItemProxy */ = {
			isa = PBXContainerItemProxy;
			containerPortal = B2E8931B2472EACE009D0E0A /* Project object */;
			proxyType = 1;
			remoteGlobalIDString = B2E893222472EACE009D0E0A;
			remoteInfo = TodoList;
		};
		B2E893452472EAD2009D0E0A /* PBXContainerItemProxy */ = {
			isa = PBXContainerItemProxy;
			containerPortal = B2E8931B2472EACE009D0E0A /* Project object */;
			proxyType = 1;
			remoteGlobalIDString = B2E893222472EACE009D0E0A;
			remoteInfo = TodoList;
		};
/* End PBXContainerItemProxy section */

/* Begin PBXFileReference section */
		B2340E3B247368A000758E10 /* Task.swift */ = {isa = PBXFileReference; lastKnownFileType = sourcecode.swift; path = Task.swift; sourceTree = "<group>"; };
		B2340E3D24736A0E00758E10 /* TaskStore.swift */ = {isa = PBXFileReference; lastKnownFileType = sourcecode.swift; path = TaskStore.swift; sourceTree = "<group>"; };
		B2340E3F247371B600758E10 /* TaskCell.swift */ = {isa = PBXFileReference; lastKnownFileType = sourcecode.swift; path = TaskCell.swift; sourceTree = "<group>"; };
		B28DB82A2474D998009BEF52 /* TaskDetailViewController.swift */ = {isa = PBXFileReference; lastKnownFileType = sourcecode.swift; path = TaskDetailViewController.swift; sourceTree = "<group>"; };
		B2E893232472EACE009D0E0A /* TodoList.app */ = {isa = PBXFileReference; explicitFileType = wrapper.application; includeInIndex = 0; path = TodoList.app; sourceTree = BUILT_PRODUCTS_DIR; };
		B2E893262472EACE009D0E0A /* AppDelegate.swift */ = {isa = PBXFileReference; lastKnownFileType = sourcecode.swift; path = AppDelegate.swift; sourceTree = "<group>"; };
		B2E893282472EACE009D0E0A /* SceneDelegate.swift */ = {isa = PBXFileReference; lastKnownFileType = sourcecode.swift; path = SceneDelegate.swift; sourceTree = "<group>"; };
		B2E8932A2472EACE009D0E0A /* TodoListViewController.swift */ = {isa = PBXFileReference; lastKnownFileType = sourcecode.swift; path = TodoListViewController.swift; sourceTree = "<group>"; };
		B2E8932D2472EACE009D0E0A /* Base */ = {isa = PBXFileReference; lastKnownFileType = file.storyboard; name = Base; path = Base.lproj/Main.storyboard; sourceTree = "<group>"; };
		B2E8932F2472EAD1009D0E0A /* Assets.xcassets */ = {isa = PBXFileReference; lastKnownFileType = folder.assetcatalog; path = Assets.xcassets; sourceTree = "<group>"; };
		B2E893322472EAD1009D0E0A /* Base */ = {isa = PBXFileReference; lastKnownFileType = file.storyboard; name = Base; path = Base.lproj/LaunchScreen.storyboard; sourceTree = "<group>"; };
		B2E893342472EAD1009D0E0A /* Info.plist */ = {isa = PBXFileReference; lastKnownFileType = text.plist.xml; path = Info.plist; sourceTree = "<group>"; };
		B2E893392472EAD2009D0E0A /* TodoListTests.xctest */ = {isa = PBXFileReference; explicitFileType = wrapper.cfbundle; includeInIndex = 0; path = TodoListTests.xctest; sourceTree = BUILT_PRODUCTS_DIR; };
		B2E8933D2472EAD2009D0E0A /* TodoListTests.swift */ = {isa = PBXFileReference; lastKnownFileType = sourcecode.swift; path = TodoListTests.swift; sourceTree = "<group>"; };
		B2E8933F2472EAD2009D0E0A /* Info.plist */ = {isa = PBXFileReference; lastKnownFileType = text.plist.xml; path = Info.plist; sourceTree = "<group>"; };
		B2E893442472EAD2009D0E0A /* TodoListUITests.xctest */ = {isa = PBXFileReference; explicitFileType = wrapper.cfbundle; includeInIndex = 0; path = TodoListUITests.xctest; sourceTree = BUILT_PRODUCTS_DIR; };
		B2E893482472EAD2009D0E0A /* TodoListUITests.swift */ = {isa = PBXFileReference; lastKnownFileType = sourcecode.swift; path = TodoListUITests.swift; sourceTree = "<group>"; };
		B2E8934A2472EAD2009D0E0A /* Info.plist */ = {isa = PBXFileReference; lastKnownFileType = text.plist.xml; path = Info.plist; sourceTree = "<group>"; };
/* End PBXFileReference section */

/* Begin PBXFrameworksBuildPhase section */
		B2E893202472EACE009D0E0A /* Frameworks */ = {
			isa = PBXFrameworksBuildPhase;
			buildActionMask = 2147483647;
			files = (
			);
			runOnlyForDeploymentPostprocessing = 0;
		};
		B2E893362472EAD2009D0E0A /* Frameworks */ = {
			isa = PBXFrameworksBuildPhase;
			buildActionMask = 2147483647;
			files = (
			);
			runOnlyForDeploymentPostprocessing = 0;
		};
		B2E893412472EAD2009D0E0A /* Frameworks */ = {
			isa = PBXFrameworksBuildPhase;
			buildActionMask = 2147483647;
			files = (
			);
			runOnlyForDeploymentPostprocessing = 0;
		};
/* End PBXFrameworksBuildPhase section */

/* Begin PBXGroup section */
		B2335FBB2475680C002A1B63 /* Controller */ = {
			isa = PBXGroup;
			children = (
				B2E8932A2472EACE009D0E0A /* TodoListViewController.swift */,
				B28DB82A2474D998009BEF52 /* TaskDetailViewController.swift */,
				B2340E3F247371B600758E10 /* TaskCell.swift */,
			);
			path = Controller;
			sourceTree = "<group>";
		};
		B2335FBC24756816002A1B63 /* Modal */ = {
			isa = PBXGroup;
			children = (
				B2340E3B247368A000758E10 /* Task.swift */,
				B2340E3D24736A0E00758E10 /* TaskStore.swift */,
			);
			path = Modal;
			sourceTree = "<group>";
		};
		B2335FBD24756838002A1B63 /* View */ = {
			isa = PBXGroup;
			children = (
				B2E8932C2472EACE009D0E0A /* Main.storyboard */,
			);
			path = View;
			sourceTree = "<group>";
		};
		B2E8931A2472EACE009D0E0A = {
			isa = PBXGroup;
			children = (
				B2E893252472EACE009D0E0A /* TodoList */,
				B2E8933C2472EAD2009D0E0A /* TodoListTests */,
				B2E893472472EAD2009D0E0A /* TodoListUITests */,
				B2E893242472EACE009D0E0A /* Products */,
			);
			sourceTree = "<group>";
		};
		B2E893242472EACE009D0E0A /* Products */ = {
			isa = PBXGroup;
			children = (
				B2E893232472EACE009D0E0A /* TodoList.app */,
				B2E893392472EAD2009D0E0A /* TodoListTests.xctest */,
				B2E893442472EAD2009D0E0A /* TodoListUITests.xctest */,
			);
			name = Products;
			sourceTree = "<group>";
		};
		B2E893252472EACE009D0E0A /* TodoList */ = {
			isa = PBXGroup;
			children = (
				B2E893262472EACE009D0E0A /* AppDelegate.swift */,
				B2E893282472EACE009D0E0A /* SceneDelegate.swift */,
				B2335FBB2475680C002A1B63 /* Controller */,
				B2335FBD24756838002A1B63 /* View */,
				B2335FBC24756816002A1B63 /* Modal */,
				B2E8932F2472EAD1009D0E0A /* Assets.xcassets */,
				B2E893312472EAD1009D0E0A /* LaunchScreen.storyboard */,
				B2E893342472EAD1009D0E0A /* Info.plist */,
			);
			path = TodoList;
			sourceTree = "<group>";
		};
		B2E8933C2472EAD2009D0E0A /* TodoListTests */ = {
			isa = PBXGroup;
			children = (
				B2E8933D2472EAD2009D0E0A /* TodoListTests.swift */,
				B2E8933F2472EAD2009D0E0A /* Info.plist */,
			);
			path = TodoListTests;
			sourceTree = "<group>";
		};
		B2E893472472EAD2009D0E0A /* TodoListUITests */ = {
			isa = PBXGroup;
			children = (
				B2E893482472EAD2009D0E0A /* TodoListUITests.swift */,
				B2E8934A2472EAD2009D0E0A /* Info.plist */,
			);
			path = TodoListUITests;
			sourceTree = "<group>";
		};
/* End PBXGroup section */

/* Begin PBXNativeTarget section */
		B2E893222472EACE009D0E0A /* TodoList */ = {
			isa = PBXNativeTarget;
			buildConfigurationList = B2E8934D2472EAD2009D0E0A /* Build configuration list for PBXNativeTarget "TodoList" */;
			buildPhases = (
				B2E8931F2472EACE009D0E0A /* Sources */,
				B2E893202472EACE009D0E0A /* Frameworks */,
				B2E893212472EACE009D0E0A /* Resources */,
			);
			buildRules = (
			);
			dependencies = (
			);
			name = TodoList;
			productName = TodoList;
			productReference = B2E893232472EACE009D0E0A /* TodoList.app */;
			productType = "com.apple.product-type.application";
		};
		B2E893382472EAD2009D0E0A /* TodoListTests */ = {
			isa = PBXNativeTarget;
			buildConfigurationList = B2E893502472EAD2009D0E0A /* Build configuration list for PBXNativeTarget "TodoListTests" */;
			buildPhases = (
				B2E893352472EAD2009D0E0A /* Sources */,
				B2E893362472EAD2009D0E0A /* Frameworks */,
				B2E893372472EAD2009D0E0A /* Resources */,
			);
			buildRules = (
			);
			dependencies = (
				B2E8933B2472EAD2009D0E0A /* PBXTargetDependency */,
			);
			name = TodoListTests;
			productName = TodoListTests;
			productReference = B2E893392472EAD2009D0E0A /* TodoListTests.xctest */;
			productType = "com.apple.product-type.bundle.unit-test";
		};
		B2E893432472EAD2009D0E0A /* TodoListUITests */ = {
			isa = PBXNativeTarget;
			buildConfigurationList = B2E893532472EAD2009D0E0A /* Build configuration list for PBXNativeTarget "TodoListUITests" */;
			buildPhases = (
				B2E893402472EAD2009D0E0A /* Sources */,
				B2E893412472EAD2009D0E0A /* Frameworks */,
				B2E893422472EAD2009D0E0A /* Resources */,
			);
			buildRules = (
			);
			dependencies = (
				B2E893462472EAD2009D0E0A /* PBXTargetDependency */,
			);
			name = TodoListUITests;
			productName = TodoListUITests;
			productReference = B2E893442472EAD2009D0E0A /* TodoListUITests.xctest */;
			productType = "com.apple.product-type.bundle.ui-testing";
		};
/* End PBXNativeTarget section */

/* Begin PBXProject section */
		B2E8931B2472EACE009D0E0A /* Project object */ = {
			isa = PBXProject;
			attributes = {
				LastSwiftUpdateCheck = 1140;
				LastUpgradeCheck = 1140;
				ORGANIZATIONNAME = partha;
				TargetAttributes = {
					B2E893222472EACE009D0E0A = {
						CreatedOnToolsVersion = 11.4.1;
					};
					B2E893382472EAD2009D0E0A = {
						CreatedOnToolsVersion = 11.4.1;
						TestTargetID = B2E893222472EACE009D0E0A;
					};
					B2E893432472EAD2009D0E0A = {
						CreatedOnToolsVersion = 11.4.1;
						TestTargetID = B2E893222472EACE009D0E0A;
					};
				};
			};
			buildConfigurationList = B2E8931E2472EACE009D0E0A /* Build configuration list for PBXProject "TodoList" */;
			compatibilityVersion = "Xcode 9.3";
			developmentRegion = en;
			hasScannedForEncodings = 0;
			knownRegions = (
				en,
				Base,
			);
			mainGroup = B2E8931A2472EACE009D0E0A;
			productRefGroup = B2E893242472EACE009D0E0A /* Products */;
			projectDirPath = "";
			projectRoot = "";
			targets = (
				B2E893222472EACE009D0E0A /* TodoList */,
				B2E893382472EAD2009D0E0A /* TodoListTests */,
				B2E893432472EAD2009D0E0A /* TodoListUITests */,
			);
		};
/* End PBXProject section */

/* Begin PBXResourcesBuildPhase section */
		B2E893212472EACE009D0E0A /* Resources */ = {
			isa = PBXResourcesBuildPhase;
			buildActionMask = 2147483647;
			files = (
				B2E893332472EAD1009D0E0A /* LaunchScreen.storyboard in Resources */,
				B2E893302472EAD1009D0E0A /* Assets.xcassets in Resources */,
				B2E8932E2472EACE009D0E0A /* Main.storyboard in Resources */,
			);
			runOnlyForDeploymentPostprocessing = 0;
		};
		B2E893372472EAD2009D0E0A /* Resources */ = {
			isa = PBXResourcesBuildPhase;
			buildActionMask = 2147483647;
			files = (
			);
			runOnlyForDeploymentPostprocessing = 0;
		};
		B2E893422472EAD2009D0E0A /* Resources */ = {
			isa = PBXResourcesBuildPhase;
			buildActionMask = 2147483647;
			files = (
			);
			runOnlyForDeploymentPostprocessing = 0;
		};
/* End PBXResourcesBuildPhase section */

/* Begin PBXSourcesBuildPhase section */
		B2E8931F2472EACE009D0E0A /* Sources */ = {
			isa = PBXSourcesBuildPhase;
			buildActionMask = 2147483647;
			files = (
				B28DB82B2474D998009BEF52 /* TaskDetailViewController.swift in Sources */,
				B2340E3E24736A0E00758E10 /* TaskStore.swift in Sources */,
				B2340E3C247368A000758E10 /* Task.swift in Sources */,
				B2E8932B2472EACE009D0E0A /* TodoListViewController.swift in Sources */,
				B2E893272472EACE009D0E0A /* AppDelegate.swift in Sources */,
				B2340E40247371B600758E10 /* TaskCell.swift in Sources */,
				B2E893292472EACE009D0E0A /* SceneDelegate.swift in Sources */,
			);
			runOnlyForDeploymentPostprocessing = 0;
		};
		B2E893352472EAD2009D0E0A /* Sources */ = {
			isa = PBXSourcesBuildPhase;
			buildActionMask = 2147483647;
			files = (
				B2E8933E2472EAD2009D0E0A /* TodoListTests.swift in Sources */,
			);
			runOnlyForDeploymentPostprocessing = 0;
		};
		B2E893402472EAD2009D0E0A /* Sources */ = {
			isa = PBXSourcesBuildPhase;
			buildActionMask = 2147483647;
			files = (
				B2E893492472EAD2009D0E0A /* TodoListUITests.swift in Sources */,
			);
			runOnlyForDeploymentPostprocessing = 0;
		};
/* End PBXSourcesBuildPhase section */

/* Begin PBXTargetDependency section */
		B2E8933B2472EAD2009D0E0A /* PBXTargetDependency */ = {
			isa = PBXTargetDependency;
			target = B2E893222472EACE009D0E0A /* TodoList */;
			targetProxy = B2E8933A2472EAD2009D0E0A /* PBXContainerItemProxy */;
		};
		B2E893462472EAD2009D0E0A /* PBXTargetDependency */ = {
			isa = PBXTargetDependency;
			target = B2E893222472EACE009D0E0A /* TodoList */;
			targetProxy = B2E893452472EAD2009D0E0A /* PBXContainerItemProxy */;
		};
/* End PBXTargetDependency section */

/* Begin PBXVariantGroup section */
		B2E8932C2472EACE009D0E0A /* Main.storyboard */ = {
			isa = PBXVariantGroup;
			children = (
				B2E8932D2472EACE009D0E0A /* Base */,
			);
			name = Main.storyboard;
			sourceTree = "<group>";
		};
		B2E893312472EAD1009D0E0A /* LaunchScreen.storyboard */ = {
			isa = PBXVariantGroup;
			children = (
				B2E893322472EAD1009D0E0A /* Base */,
			);
			name = LaunchScreen.storyboard;
			sourceTree = "<group>";
		};
/* End PBXVariantGroup section */

/* Begin XCBuildConfiguration section */
		B2E8934B2472EAD2009D0E0A /* Debug */ = {
			isa = XCBuildConfiguration;
			buildSettings = {
				ALWAYS_SEARCH_USER_PATHS = NO;
				CLANG_ANALYZER_NONNULL = YES;
				CLANG_ANALYZER_NUMBER_OBJECT_CONVERSION = YES_AGGRESSIVE;
				CLANG_CXX_LANGUAGE_STANDARD = "gnu++14";
				CLANG_CXX_LIBRARY = "libc++";
				CLANG_ENABLE_MODULES = YES;
				CLANG_ENABLE_OBJC_ARC = YES;
				CLANG_ENABLE_OBJC_WEAK = YES;
				CLANG_WARN_BLOCK_CAPTURE_AUTORELEASING = YES;
				CLANG_WARN_BOOL_CONVERSION = YES;
				CLANG_WARN_COMMA = YES;
				CLANG_WARN_CONSTANT_CONVERSION = YES;
				CLANG_WARN_DEPRECATED_OBJC_IMPLEMENTATIONS = YES;
				CLANG_WARN_DIRECT_OBJC_ISA_USAGE = YES_ERROR;
				CLANG_WARN_DOCUMENTATION_COMMENTS = YES;
				CLANG_WARN_EMPTY_BODY = YES;
				CLANG_WARN_ENUM_CONVERSION = YES;
				CLANG_WARN_INFINITE_RECURSION = YES;
				CLANG_WARN_INT_CONVERSION = YES;
				CLANG_WARN_NON_LITERAL_NULL_CONVERSION = YES;
				CLANG_WARN_OBJC_IMPLICIT_RETAIN_SELF = YES;
				CLANG_WARN_OBJC_LITERAL_CONVERSION = YES;
				CLANG_WARN_OBJC_ROOT_CLASS = YES_ERROR;
				CLANG_WARN_RANGE_LOOP_ANALYSIS = YES;
				CLANG_WARN_STRICT_PROTOTYPES = YES;
				CLANG_WARN_SUSPICIOUS_MOVE = YES;
				CLANG_WARN_UNGUARDED_AVAILABILITY = YES_AGGRESSIVE;
				CLANG_WARN_UNREACHABLE_CODE = YES;
				CLANG_WARN__DUPLICATE_METHOD_MATCH = YES;
				COPY_PHASE_STRIP = NO;
				DEBUG_INFORMATION_FORMAT = dwarf;
				ENABLE_STRICT_OBJC_MSGSEND = YES;
				ENABLE_TESTABILITY = YES;
				GCC_C_LANGUAGE_STANDARD = gnu11;
				GCC_DYNAMIC_NO_PIC = NO;
				GCC_NO_COMMON_BLOCKS = YES;
				GCC_OPTIMIZATION_LEVEL = 0;
				GCC_PREPROCESSOR_DEFINITIONS = (
					"DEBUG=1",
					"$(inherited)",
				);
				GCC_WARN_64_TO_32_BIT_CONVERSION = YES;
				GCC_WARN_ABOUT_RETURN_TYPE = YES_ERROR;
				GCC_WARN_UNDECLARED_SELECTOR = YES;
				GCC_WARN_UNINITIALIZED_AUTOS = YES_AGGRESSIVE;
				GCC_WARN_UNUSED_FUNCTION = YES;
				GCC_WARN_UNUSED_VARIABLE = YES;
				IPHONEOS_DEPLOYMENT_TARGET = 13.4;
				MTL_ENABLE_DEBUG_INFO = INCLUDE_SOURCE;
				MTL_FAST_MATH = YES;
				ONLY_ACTIVE_ARCH = YES;
				SDKROOT = iphoneos;
				SWIFT_ACTIVE_COMPILATION_CONDITIONS = DEBUG;
				SWIFT_OPTIMIZATION_LEVEL = "-Onone";
			};
			name = Debug;
		};
		B2E8934C2472EAD2009D0E0A /* Release */ = {
			isa = XCBuildConfiguration;
			buildSettings = {
				ALWAYS_SEARCH_USER_PATHS = NO;
				CLANG_ANALYZER_NONNULL = YES;
				CLANG_ANALYZER_NUMBER_OBJECT_CONVERSION = YES_AGGRESSIVE;
				CLANG_CXX_LANGUAGE_STANDARD = "gnu++14";
				CLANG_CXX_LIBRARY = "libc++";
				CLANG_ENABLE_MODULES = YES;
				CLANG_ENABLE_OBJC_ARC = YES;
				CLANG_ENABLE_OBJC_WEAK = YES;
				CLANG_WARN_BLOCK_CAPTURE_AUTORELEASING = YES;
				CLANG_WARN_BOOL_CONVERSION = YES;
				CLANG_WARN_COMMA = YES;
				CLANG_WARN_CONSTANT_CONVERSION = YES;
				CLANG_WARN_DEPRECATED_OBJC_IMPLEMENTATIONS = YES;
				CLANG_WARN_DIRECT_OBJC_ISA_USAGE = YES_ERROR;
				CLANG_WARN_DOCUMENTATION_COMMENTS = YES;
				CLANG_WARN_EMPTY_BODY = YES;
				CLANG_WARN_ENUM_CONVERSION = YES;
				CLANG_WARN_INFINITE_RECURSION = YES;
				CLANG_WARN_INT_CONVERSION = YES;
				CLANG_WARN_NON_LITERAL_NULL_CONVERSION = YES;
				CLANG_WARN_OBJC_IMPLICIT_RETAIN_SELF = YES;
				CLANG_WARN_OBJC_LITERAL_CONVERSION = YES;
				CLANG_WARN_OBJC_ROOT_CLASS = YES_ERROR;
				CLANG_WARN_RANGE_LOOP_ANALYSIS = YES;
				CLANG_WARN_STRICT_PROTOTYPES = YES;
				CLANG_WARN_SUSPICIOUS_MOVE = YES;
				CLANG_WARN_UNGUARDED_AVAILABILITY = YES_AGGRESSIVE;
				CLANG_WARN_UNREACHABLE_CODE = YES;
				CLANG_WARN__DUPLICATE_METHOD_MATCH = YES;
				COPY_PHASE_STRIP = NO;
				DEBUG_INFORMATION_FORMAT = "dwarf-with-dsym";
				ENABLE_NS_ASSERTIONS = NO;
				ENABLE_STRICT_OBJC_MSGSEND = YES;
				GCC_C_LANGUAGE_STANDARD = gnu11;
				GCC_NO_COMMON_BLOCKS = YES;
				GCC_WARN_64_TO_32_BIT_CONVERSION = YES;
				GCC_WARN_ABOUT_RETURN_TYPE = YES_ERROR;
				GCC_WARN_UNDECLARED_SELECTOR = YES;
				GCC_WARN_UNINITIALIZED_AUTOS = YES_AGGRESSIVE;
				GCC_WARN_UNUSED_FUNCTION = YES;
				GCC_WARN_UNUSED_VARIABLE = YES;
				IPHONEOS_DEPLOYMENT_TARGET = 13.4;
				MTL_ENABLE_DEBUG_INFO = NO;
				MTL_FAST_MATH = YES;
				SDKROOT = iphoneos;
				SWIFT_COMPILATION_MODE = wholemodule;
				SWIFT_OPTIMIZATION_LEVEL = "-O";
				VALIDATE_PRODUCT = YES;
			};
			name = Release;
		};
		B2E8934E2472EAD2009D0E0A /* Debug */ = {
			isa = XCBuildConfiguration;
			buildSettings = {
				ASSETCATALOG_COMPILER_APPICON_NAME = AppIcon;
				CODE_SIGN_STYLE = Automatic;
				DEVELOPMENT_TEAM = 5LM4V5K574;
				INFOPLIST_FILE = TodoList/Info.plist;
				LD_RUNPATH_SEARCH_PATHS = (
					"$(inherited)",
					"@executable_path/Frameworks",
				);
				PRODUCT_BUNDLE_IDENTIFIER = com.partha.TodoList;
				PRODUCT_NAME = "$(TARGET_NAME)";
				SWIFT_VERSION = 5.0;
				TARGETED_DEVICE_FAMILY = "1,2";
			};
			name = Debug;
		};
		B2E8934F2472EAD2009D0E0A /* Release */ = {
			isa = XCBuildConfiguration;
			buildSettings = {
				ASSETCATALOG_COMPILER_APPICON_NAME = AppIcon;
				CODE_SIGN_STYLE = Automatic;
				DEVELOPMENT_TEAM = 5LM4V5K574;
				INFOPLIST_FILE = TodoList/Info.plist;
				LD_RUNPATH_SEARCH_PATHS = (
					"$(inherited)",
					"@executable_path/Frameworks",
				);
				PRODUCT_BUNDLE_IDENTIFIER = com.partha.TodoList;
				PRODUCT_NAME = "$(TARGET_NAME)";
				SWIFT_VERSION = 5.0;
				TARGETED_DEVICE_FAMILY = "1,2";
			};
			name = Release;
		};
		B2E893512472EAD2009D0E0A /* Debug */ = {
			isa = XCBuildConfiguration;
			buildSettings = {
				ALWAYS_EMBED_SWIFT_STANDARD_LIBRARIES = YES;
				BUNDLE_LOADER = "$(TEST_HOST)";
				CODE_SIGN_STYLE = Automatic;
				DEVELOPMENT_TEAM = 5LM4V5K574;
				INFOPLIST_FILE = TodoListTests/Info.plist;
				IPHONEOS_DEPLOYMENT_TARGET = 13.4;
				LD_RUNPATH_SEARCH_PATHS = (
					"$(inherited)",
					"@executable_path/Frameworks",
					"@loader_path/Frameworks",
				);
				PRODUCT_BUNDLE_IDENTIFIER = com.partha.TodoListTests;
				PRODUCT_NAME = "$(TARGET_NAME)";
				SWIFT_VERSION = 5.0;
				TARGETED_DEVICE_FAMILY = "1,2";
				TEST_HOST = "$(BUILT_PRODUCTS_DIR)/TodoList.app/TodoList";
			};
			name = Debug;
		};
		B2E893522472EAD2009D0E0A /* Release */ = {
			isa = XCBuildConfiguration;
			buildSettings = {
				ALWAYS_EMBED_SWIFT_STANDARD_LIBRARIES = YES;
				BUNDLE_LOADER = "$(TEST_HOST)";
				CODE_SIGN_STYLE = Automatic;
				DEVELOPMENT_TEAM = 5LM4V5K574;
				INFOPLIST_FILE = TodoListTests/Info.plist;
				IPHONEOS_DEPLOYMENT_TARGET = 13.4;
				LD_RUNPATH_SEARCH_PATHS = (
					"$(inherited)",
					"@executable_path/Frameworks",
					"@loader_path/Frameworks",
				);
				PRODUCT_BUNDLE_IDENTIFIER = com.partha.TodoListTests;
				PRODUCT_NAME = "$(TARGET_NAME)";
				SWIFT_VERSION = 5.0;
				TARGETED_DEVICE_FAMILY = "1,2";
				TEST_HOST = "$(BUILT_PRODUCTS_DIR)/TodoList.app/TodoList";
			};
			name = Release;
		};
		B2E893542472EAD2009D0E0A /* Debug */ = {
			isa = XCBuildConfiguration;
			buildSettings = {
				ALWAYS_EMBED_SWIFT_STANDARD_LIBRARIES = YES;
				CODE_SIGN_STYLE = Automatic;
				DEVELOPMENT_TEAM = 5LM4V5K574;
				INFOPLIST_FILE = TodoListUITests/Info.plist;
				LD_RUNPATH_SEARCH_PATHS = (
					"$(inherited)",
					"@executable_path/Frameworks",
					"@loader_path/Frameworks",
				);
				PRODUCT_BUNDLE_IDENTIFIER = com.partha.TodoListUITests;
				PRODUCT_NAME = "$(TARGET_NAME)";
				SWIFT_VERSION = 5.0;
				TARGETED_DEVICE_FAMILY = "1,2";
				TEST_TARGET_NAME = TodoList;
			};
			name = Debug;
		};
		B2E893552472EAD2009D0E0A /* Release */ = {
			isa = XCBuildConfiguration;
			buildSettings = {
				ALWAYS_EMBED_SWIFT_STANDARD_LIBRARIES = YES;
				CODE_SIGN_STYLE = Automatic;
				DEVELOPMENT_TEAM = 5LM4V5K574;
				INFOPLIST_FILE = TodoListUITests/Info.plist;
				LD_RUNPATH_SEARCH_PATHS = (
					"$(inherited)",
					"@executable_path/Frameworks",
					"@loader_path/Frameworks",
				);
				PRODUCT_BUNDLE_IDENTIFIER = com.partha.TodoListUITests;
				PRODUCT_NAME = "$(TARGET_NAME)";
				SWIFT_VERSION = 5.0;
				TARGETED_DEVICE_FAMILY = "1,2";
				TEST_TARGET_NAME = TodoList;
			};
			name = Release;
		};
/* End XCBuildConfiguration section */

/* Begin XCConfigurationList section */
		B2E8931E2472EACE009D0E0A /* Build configuration list for PBXProject "TodoList" */ = {
			isa = XCConfigurationList;
			buildConfigurations = (
				B2E8934B2472EAD2009D0E0A /* Debug */,
				B2E8934C2472EAD2009D0E0A /* Release */,
			);
			defaultConfigurationIsVisible = 0;
			defaultConfigurationName = Release;
		};
		B2E8934D2472EAD2009D0E0A /* Build configuration list for PBXNativeTarget "TodoList" */ = {
			isa = XCConfigurationList;
			buildConfigurations = (
				B2E8934E2472EAD2009D0E0A /* Debug */,
				B2E8934F2472EAD2009D0E0A /* Release */,
			);
			defaultConfigurationIsVisible = 0;
			defaultConfigurationName = Release;
		};
		B2E893502472EAD2009D0E0A /* Build configuration list for PBXNativeTarget "TodoListTests" */ = {
			isa = XCConfigurationList;
			buildConfigurations = (
				B2E893512472EAD2009D0E0A /* Debug */,
				B2E893522472EAD2009D0E0A /* Release */,
			);
			defaultConfigurationIsVisible = 0;
			defaultConfigurationName = Release;
		};
		B2E893532472EAD2009D0E0A /* Build configuration list for PBXNativeTarget "TodoListUITests" */ = {
			isa = XCConfigurationList;
			buildConfigurations = (
				B2E893542472EAD2009D0E0A /* Debug */,
				B2E893552472EAD2009D0E0A /* Release */,
			);
			defaultConfigurationIsVisible = 0;
			defaultConfigurationName = Release;
		};
/* End XCConfigurationList section */
	};
	rootObject = B2E8931B2472EACE009D0E0A /* Project object */;
}
